
Microsoft Visual Studio Solution File, Format Version 12.00
# Visual Studio Version 16
VisualStudioVersion = 16.0.32228.343
MinimumVisualStudioVersion = 10.0.40219.1
Project("{FAE04EC0-301F-11D3-BF4B-00C04F79EFBC}") = "IT488_Team", "IT488_Team\IT488_Team.csproj", "{6975B8B8-5A9B-4FA2-A0F0-4D69AB849E08}"
EndProject
Project("{54435603-DBB4-11D2-8724-00A0C9A8B90C}") = "TrackITSetup", "TrackITSetup\TrackITSetup.vdproj", "{30991A55-2880-406F-A556-CB4552E82D0D}"
EndProject
Global
	GlobalSection(SolutionConfigurationPlatforms) = preSolution
		Debug|Any CPU = Debug|Any CPU
		Release|Any CPU = Release|Any CPU
	EndGlobalSection
	GlobalSection(ProjectConfigurationPlatforms) = postSolution
		{6975B8B8-5A9B-4FA2-A0F0-4D69AB849E08}.Debug|Any CPU.ActiveCfg = Debug|Any CPU
		{6975B8B8-5A9B-4FA2-A0F0-4D69AB849E08}.Debug|Any CPU.Build.0 = Debug|Any CPU
		{6975B8B8-5A9B-4FA2-A0F0-4D69AB849E08}.Release|Any CPU.ActiveCfg = Release|Any CPU
		{6975B8B8-5A9B-4FA2-A0F0-4D69AB849E08}.Release|Any CPU.Build.0 = Release|Any CPU
		{30991A55-2880-406F-A556-CB4552E82D0D}.Debug|Any CPU.ActiveCfg = Debug
		{30991A55-2880-406F-A556-CB4552E82D0D}.Release|Any CPU.ActiveCfg = Release
	EndGlobalSection
	GlobalSection(SolutionProperties) = preSolution
		HideSolutionNode = FALSE
	EndGlobalSection
	GlobalSection(ExtensibilityGlobals) = postSolution
		SolutionGuid = {1B9FA112-EB07-415E-94EE-35B30CE54930}
	EndGlobalSection
EndGlobal
